
Microsoft Visual Studio Solution File, Format Version 12.00
# Visual Studio Version 16
VisualStudioVersion = 16.0.32002.261
MinimumVisualStudioVersion = 10.0.40219.1
Project("{FAE04EC0-301F-11D3-BF4B-00C04F79EFBC}") = "SharpBoxUpload", "SharpBoxUpload\SharpBoxUpload.csproj", "{828FE33D-B992-4599-875B-95079D1072CB}"
EndProject
Global
	GlobalSection(SolutionConfigurationPlatforms) = preSolution
		Debug|Any CPU = Debug|Any CPU
		Release|Any CPU = Release|Any CPU
	EndGlobalSection
	GlobalSection(ProjectConfigurationPlatforms) = postSolution
		{828FE33D-B992-4599-875B-95079D1072CB}.Debug|Any CPU.ActiveCfg = Debug|Any CPU
		{828FE33D-B992-4599-875B-95079D1072CB}.Debug|Any CPU.Build.0 = Debug|Any CPU
		{828FE33D-B992-4599-875B-95079D1072CB}.Release|Any CPU.ActiveCfg = Release|Any CPU
		{828FE33D-B992-4599-875B-95079D1072CB}.Release|Any CPU.Build.0 = Release|Any CPU
	EndGlobalSection
	GlobalSection(SolutionProperties) = preSolution
		HideSolutionNode = FALSE
	EndGlobalSection
	GlobalSection(ExtensibilityGlobals) = postSolution
		SolutionGuid = {4CB70359-02F3-4DC1-BEDC-FF8F0728AA77}
	EndGlobalSection
EndGlobal
