
Microsoft Visual Studio Solution File, Format Version 12.00
# Visual Studio Version 16
VisualStudioVersion = 16.0.32002.261
MinimumVisualStudioVersion = 10.0.40219.1
Project("{FAE04EC0-301F-11D3-BF4B-00C04F79EFBC}") = "SharpBoxUpload", "SharpBoxUpload\SharpBoxUpload.csproj", "{828FE33D-B992-4599-875B-95079D1072CB}"
EndProject
Project("{8BC9CEB8-8B4A-11D0-8D11-00A0C91BC942}") = "BoxUpload", "BoxUpload\BoxUpload.vcxproj", "{4C56B0B3-C881-433A-A2C5-B6071088C513}"
EndProject
Global
	GlobalSection(SolutionConfigurationPlatforms) = preSolution
		Debug|Any CPU = Debug|Any CPU
		Debug|x64 = Debug|x64
		Debug|x86 = Debug|x86
		Release|Any CPU = Release|Any CPU
		Release|x64 = Release|x64
		Release|x86 = Release|x86
	EndGlobalSection
	GlobalSection(ProjectConfigurationPlatforms) = postSolution
		{828FE33D-B992-4599-875B-95079D1072CB}.Debug|Any CPU.ActiveCfg = Debug|Any CPU
		{828FE33D-B992-4599-875B-95079D1072CB}.Debug|Any CPU.Build.0 = Debug|Any CPU
		{828FE33D-B992-4599-875B-95079D1072CB}.Debug|x64.ActiveCfg = Debug|Any CPU
		{828FE33D-B992-4599-875B-95079D1072CB}.Debug|x64.Build.0 = Debug|Any CPU
		{828FE33D-B992-4599-875B-95079D1072CB}.Debug|x86.ActiveCfg = Debug|Any CPU
		{828FE33D-B992-4599-875B-95079D1072CB}.Debug|x86.Build.0 = Debug|Any CPU
		{828FE33D-B992-4599-875B-95079D1072CB}.Release|Any CPU.ActiveCfg = Release|Any CPU
		{828FE33D-B992-4599-875B-95079D1072CB}.Release|Any CPU.Build.0 = Release|Any CPU
		{828FE33D-B992-4599-875B-95079D1072CB}.Release|x64.ActiveCfg = Release|Any CPU
		{828FE33D-B992-4599-875B-95079D1072CB}.Release|x64.Build.0 = Release|Any CPU
		{828FE33D-B992-4599-875B-95079D1072CB}.Release|x86.ActiveCfg = Release|Any CPU
		{828FE33D-B992-4599-875B-95079D1072CB}.Release|x86.Build.0 = Release|Any CPU
		{4C56B0B3-C881-433A-A2C5-B6071088C513}.Debug|Any CPU.ActiveCfg = Debug|Win32
		{4C56B0B3-C881-433A-A2C5-B6071088C513}.Debug|x64.ActiveCfg = Debug|x64
		{4C56B0B3-C881-433A-A2C5-B6071088C513}.Debug|x64.Build.0 = Debug|x64
		{4C56B0B3-C881-433A-A2C5-B6071088C513}.Debug|x86.ActiveCfg = Debug|Win32
		{4C56B0B3-C881-433A-A2C5-B6071088C513}.Debug|x86.Build.0 = Debug|Win32
		{4C56B0B3-C881-433A-A2C5-B6071088C513}.Release|Any CPU.ActiveCfg = Release|Win32
		{4C56B0B3-C881-433A-A2C5-B6071088C513}.Release|x64.ActiveCfg = Release|x64
		{4C56B0B3-C881-433A-A2C5-B6071088C513}.Release|x64.Build.0 = Release|x64
		{4C56B0B3-C881-433A-A2C5-B6071088C513}.Release|x86.ActiveCfg = Release|Win32
		{4C56B0B3-C881-433A-A2C5-B6071088C513}.Release|x86.Build.0 = Release|Win32
	EndGlobalSection
	GlobalSection(SolutionProperties) = preSolution
		HideSolutionNode = FALSE
	EndGlobalSection
	GlobalSection(ExtensibilityGlobals) = postSolution
		SolutionGuid = {4CB70359-02F3-4DC1-BEDC-FF8F0728AA77}
	EndGlobalSection
EndGlobal
